
Microsoft Visual Studio Solution File, Format Version 12.00
# Visual Studio Version 17
VisualStudioVersion = 17.13.35818.85 d17.13
MinimumVisualStudioVersion = 10.0.40219.1
Project("{FAE04EC0-301F-11D3-BF4B-00C04F79EFBC}") = "Beauvoir", "3D\Beauvoir.csproj", "{62270A00-AF89-4F51-98DE-2D9AF499EC8B}"
EndProject
Global
	GlobalSection(SolutionConfigurationPlatforms) = preSolution
		Debug|Any CPU = Debug|Any CPU
		Release|Any CPU = Release|Any CPU
	EndGlobalSection
	GlobalSection(ProjectConfigurationPlatforms) = postSolution
		{62270A00-AF89-4F51-98DE-2D9AF499EC8B}.Debug|Any CPU.ActiveCfg = Debug|Any CPU
		{62270A00-AF89-4F51-98DE-2D9AF499EC8B}.Debug|Any CPU.Build.0 = Debug|Any CPU
		{62270A00-AF89-4F51-98DE-2D9AF499EC8B}.Release|Any CPU.ActiveCfg = Release|Any CPU
		{62270A00-AF89-4F51-98DE-2D9AF499EC8B}.Release|Any CPU.Build.0 = Release|Any CPU
	EndGlobalSection
	GlobalSection(SolutionProperties) = preSolution
		HideSolutionNode = FALSE
	EndGlobalSection
	GlobalSection(ExtensibilityGlobals) = postSolution
		SolutionGuid = {983AB9BD-F74C-49BD-9293-42D89066F227}
	EndGlobalSection
EndGlobal
